
Microsoft Visual Studio Solution File, Format Version 12.00
# Visual Studio Version 17
VisualStudioVersion = 17.8.34330.188
MinimumVisualStudioVersion = 10.0.40219.1
Project("{FAE04EC0-301F-11D3-BF4B-00C04F79EFBC}") = "Capital", "Capital.csproj", "{F525B8B4-EFDD-4FCF-B1C9-4373783BD06E}"
EndProject
Global
	GlobalSection(SolutionConfigurationPlatforms) = preSolution
		Debug|Any CPU = Debug|Any CPU
		Release|Any CPU = Release|Any CPU
	EndGlobalSection
	GlobalSection(ProjectConfigurationPlatforms) = postSolution
		{F525B8B4-EFDD-4FCF-B1C9-4373783BD06E}.Debug|Any CPU.ActiveCfg = Debug|Any CPU
		{F525B8B4-EFDD-4FCF-B1C9-4373783BD06E}.Debug|Any CPU.Build.0 = Debug|Any CPU
		{F525B8B4-EFDD-4FCF-B1C9-4373783BD06E}.Release|Any CPU.ActiveCfg = Release|Any CPU
		{F525B8B4-EFDD-4FCF-B1C9-4373783BD06E}.Release|Any CPU.Build.0 = Release|Any CPU
	EndGlobalSection
	GlobalSection(SolutionProperties) = preSolution
		HideSolutionNode = FALSE
	EndGlobalSection
	GlobalSection(ExtensibilityGlobals) = postSolution
		SolutionGuid = {1102EFC1-9A34-4848-B3EA-A84FD0A8E93B}
	EndGlobalSection
EndGlobal
