
Microsoft Visual Studio Solution File, Format Version 12.00
# Visual Studio Version 17
VisualStudioVersion = 17.9.34902.65
MinimumVisualStudioVersion = 10.0.40219.1
Project("{FAE04EC0-301F-11D3-BF4B-00C04F79EFBC}") = "MyCapital", "MyCapital.csproj", "{FFF1585A-8168-43EE-B49E-C6EB271100A5}"
EndProject
Global
	GlobalSection(SolutionConfigurationPlatforms) = preSolution
		Debug|Any CPU = Debug|Any CPU
		Release|Any CPU = Release|Any CPU
	EndGlobalSection
	GlobalSection(ProjectConfigurationPlatforms) = postSolution
		{FFF1585A-8168-43EE-B49E-C6EB271100A5}.Debug|Any CPU.ActiveCfg = Debug|Any CPU
		{FFF1585A-8168-43EE-B49E-C6EB271100A5}.Debug|Any CPU.Build.0 = Debug|Any CPU
		{FFF1585A-8168-43EE-B49E-C6EB271100A5}.Release|Any CPU.ActiveCfg = Release|Any CPU
		{FFF1585A-8168-43EE-B49E-C6EB271100A5}.Release|Any CPU.Build.0 = Release|Any CPU
	EndGlobalSection
	GlobalSection(SolutionProperties) = preSolution
		HideSolutionNode = FALSE
	EndGlobalSection
	GlobalSection(ExtensibilityGlobals) = postSolution
		SolutionGuid = {2D52706E-E85E-435A-BCE8-1AC6A3B4D6BD}
	EndGlobalSection
EndGlobal
